// !$*UTF8*$!
{
	archiveVersion = 1;
	classes = {
	};
	objectVersion = 46;
	objects = {

/* Begin PBXBuildFile section */
		4924DC581A3905E700F26C07 /* ToDoListTableViewController.m in Sources */ = {isa = PBXBuildFile; fileRef = 4924DC571A3905E700F26C07 /* ToDoListTableViewController.m */; };
		4924DC5B1A3945A000F26C07 /* ToDoItem.m in Sources */ = {isa = PBXBuildFile; fileRef = 4924DC5A1A3945A000F26C07 /* ToDoItem.m */; };
		4924DC5E1A396D8500F26C07 /* RemoteControlViewController.m in Sources */ = {isa = PBXBuildFile; fileRef = 4924DC5D1A396D8500F26C07 /* RemoteControlViewController.m */; };
		4942A3681A3E0F9700AAFF72 /* Channel.m in Sources */ = {isa = PBXBuildFile; fileRef = 4942A3671A3E0F9700AAFF72 /* Channel.m */; };
		4942A36B1A3E65C600AAFF72 /* NSString+ComponentsLimit.m in Sources */ = {isa = PBXBuildFile; fileRef = 4942A36A1A3E65C600AAFF72 /* NSString+ComponentsLimit.m */; };
		4942A3731A3EB24300AAFF72 /* AudioToolbox.framework in Frameworks */ = {isa = PBXBuildFile; fileRef = 4942A3721A3EB24300AAFF72 /* AudioToolbox.framework */; };
		4942A3751A3EB34C00AAFF72 /* MediaPlayer.framework in Frameworks */ = {isa = PBXBuildFile; fileRef = 4942A3741A3EB34C00AAFF72 /* MediaPlayer.framework */; };
		4942A3791A3EB4C000AAFF72 /* RBVolumeButtons.m in Sources */ = {isa = PBXBuildFile; fileRef = 4942A3781A3EB4C000AAFF72 /* RBVolumeButtons.m */; };
		49614FE21A47B58300AF33D4 /* Settings.bundle in Resources */ = {isa = PBXBuildFile; fileRef = 49614FE11A47B58300AF33D4 /* Settings.bundle */; };
		49614FE51A47D3B900AF33D4 /* ChannelsList.m in Sources */ = {isa = PBXBuildFile; fileRef = 49614FE41A47D3B900AF33D4 /* ChannelsList.m */; };
		499B4C681A35547A008682DB /* main.m in Sources */ = {isa = PBXBuildFile; fileRef = 499B4C671A35547A008682DB /* main.m */; };
		499B4C6B1A35547A008682DB /* AppDelegate.m in Sources */ = {isa = PBXBuildFile; fileRef = 499B4C6A1A35547A008682DB /* AppDelegate.m */; };
		499B4C711A35547A008682DB /* Main.storyboard in Resources */ = {isa = PBXBuildFile; fileRef = 499B4C6F1A35547A008682DB /* Main.storyboard */; };
		499B4C731A35547A008682DB /* Images.xcassets in Resources */ = {isa = PBXBuildFile; fileRef = 499B4C721A35547A008682DB /* Images.xcassets */; };
		499B4C761A35547A008682DB /* LaunchScreen.xib in Resources */ = {isa = PBXBuildFile; fileRef = 499B4C741A35547A008682DB /* LaunchScreen.xib */; };
		499B4C821A35547B008682DB /* MythTV_Space_CommandTests.m in Sources */ = {isa = PBXBuildFile; fileRef = 499B4C811A35547B008682DB /* MythTV_Space_CommandTests.m */; };
		49D763BE1A369AB4002976FC /* SocketConnection.m in Sources */ = {isa = PBXBuildFile; fileRef = 49D763BD1A369AB4002976FC /* SocketConnection.m */; };
/* End PBXBuildFile section */

/* Begin PBXContainerItemProxy section */
		499B4C7C1A35547B008682DB /* PBXContainerItemProxy */ = {
			isa = PBXContainerItemProxy;
			containerPortal = 499B4C5A1A35547A008682DB /* Project object */;
			proxyType = 1;
			remoteGlobalIDString = 499B4C611A35547A008682DB;
			remoteInfo = "MythTV Space Command";
		};
/* End PBXContainerItemProxy section */

/* Begin PBXFileReference section */
		4924DC561A3905E700F26C07 /* ToDoListTableViewController.h */ = {isa = PBXFileReference; fileEncoding = 4; lastKnownFileType = sourcecode.c.h; path = ToDoListTableViewController.h; sourceTree = "<group>"; };
		4924DC571A3905E700F26C07 /* ToDoListTableViewController.m */ = {isa = PBXFileReference; fileEncoding = 4; lastKnownFileType = sourcecode.c.objc; path = ToDoListTableViewController.m; sourceTree = "<group>"; };
		4924DC591A3945A000F26C07 /* ToDoItem.h */ = {isa = PBXFileReference; fileEncoding = 4; lastKnownFileType = sourcecode.c.h; path = ToDoItem.h; sourceTree = "<group>"; };
		4924DC5A1A3945A000F26C07 /* ToDoItem.m */ = {isa = PBXFileReference; fileEncoding = 4; lastKnownFileType = sourcecode.c.objc; path = ToDoItem.m; sourceTree = "<group>"; };
		4924DC5C1A396D8400F26C07 /* RemoteControlViewController.h */ = {isa = PBXFileReference; fileEncoding = 4; lastKnownFileType = sourcecode.c.h; path = RemoteControlViewController.h; sourceTree = "<group>"; };
		4924DC5D1A396D8500F26C07 /* RemoteControlViewController.m */ = {isa = PBXFileReference; fileEncoding = 4; lastKnownFileType = sourcecode.c.objc; path = RemoteControlViewController.m; sourceTree = "<group>"; };
		4942A3661A3E0F9700AAFF72 /* Channel.h */ = {isa = PBXFileReference; fileEncoding = 4; lastKnownFileType = sourcecode.c.h; path = Channel.h; sourceTree = "<group>"; };
		4942A3671A3E0F9700AAFF72 /* Channel.m */ = {isa = PBXFileReference; fileEncoding = 4; lastKnownFileType = sourcecode.c.objc; path = Channel.m; sourceTree = "<group>"; };
		4942A3691A3E65C600AAFF72 /* NSString+ComponentsLimit.h */ = {isa = PBXFileReference; fileEncoding = 4; lastKnownFileType = sourcecode.c.h; path = "NSString+ComponentsLimit.h"; sourceTree = "<group>"; };
		4942A36A1A3E65C600AAFF72 /* NSString+ComponentsLimit.m */ = {isa = PBXFileReference; fileEncoding = 4; lastKnownFileType = sourcecode.c.objc; path = "NSString+ComponentsLimit.m"; sourceTree = "<group>"; };
		4942A3721A3EB24300AAFF72 /* AudioToolbox.framework */ = {isa = PBXFileReference; lastKnownFileType = wrapper.framework; name = AudioToolbox.framework; path = System/Library/Frameworks/AudioToolbox.framework; sourceTree = SDKROOT; };
		4942A3741A3EB34C00AAFF72 /* MediaPlayer.framework */ = {isa = PBXFileReference; lastKnownFileType = wrapper.framework; name = MediaPlayer.framework; path = System/Library/Frameworks/MediaPlayer.framework; sourceTree = SDKROOT; };
		4942A3771A3EB4C000AAFF72 /* RBVolumeButtons.h */ = {isa = PBXFileReference; fileEncoding = 4; lastKnownFileType = sourcecode.c.h; path = RBVolumeButtons.h; sourceTree = "<group>"; };
		4942A3781A3EB4C000AAFF72 /* RBVolumeButtons.m */ = {isa = PBXFileReference; fileEncoding = 4; lastKnownFileType = sourcecode.c.objc; path = RBVolumeButtons.m; sourceTree = "<group>"; };
		49614FE11A47B58300AF33D4 /* Settings.bundle */ = {isa = PBXFileReference; lastKnownFileType = "wrapper.plug-in"; path = Settings.bundle; sourceTree = "<group>"; };
		49614FE31A47D3B900AF33D4 /* ChannelsList.h */ = {isa = PBXFileReference; fileEncoding = 4; lastKnownFileType = sourcecode.c.h; path = ChannelsList.h; sourceTree = "<group>"; };
		49614FE41A47D3B900AF33D4 /* ChannelsList.m */ = {isa = PBXFileReference; fileEncoding = 4; lastKnownFileType = sourcecode.c.objc; path = ChannelsList.m; sourceTree = "<group>"; };
		499B4C621A35547A008682DB /* MythTV Space Command.app */ = {isa = PBXFileReference; explicitFileType = wrapper.application; includeInIndex = 0; path = "MythTV Space Command.app"; sourceTree = BUILT_PRODUCTS_DIR; };
		499B4C661A35547A008682DB /* Info.plist */ = {isa = PBXFileReference; lastKnownFileType = text.plist.xml; path = Info.plist; sourceTree = "<group>"; };
		499B4C671A35547A008682DB /* main.m */ = {isa = PBXFileReference; lastKnownFileType = sourcecode.c.objc; path = main.m; sourceTree = "<group>"; };
		499B4C691A35547A008682DB /* AppDelegate.h */ = {isa = PBXFileReference; lastKnownFileType = sourcecode.c.h; path = AppDelegate.h; sourceTree = "<group>"; };
		499B4C6A1A35547A008682DB /* AppDelegate.m */ = {isa = PBXFileReference; lastKnownFileType = sourcecode.c.objc; path = AppDelegate.m; sourceTree = "<group>"; };
		499B4C701A35547A008682DB /* Base */ = {isa = PBXFileReference; lastKnownFileType = file.storyboard; name = Base; path = Base.lproj/Main.storyboard; sourceTree = "<group>"; };
		499B4C721A35547A008682DB /* Images.xcassets */ = {isa = PBXFileReference; lastKnownFileType = folder.assetcatalog; path = Images.xcassets; sourceTree = "<group>"; };
		499B4C751A35547A008682DB /* Base */ = {isa = PBXFileReference; lastKnownFileType = file.xib; name = Base; path = Base.lproj/LaunchScreen.xib; sourceTree = "<group>"; };
		499B4C7B1A35547B008682DB /* MythTV Space CommandTests.xctest */ = {isa = PBXFileReference; explicitFileType = wrapper.cfbundle; includeInIndex = 0; path = "MythTV Space CommandTests.xctest"; sourceTree = BUILT_PRODUCTS_DIR; };
		499B4C801A35547B008682DB /* Info.plist */ = {isa = PBXFileReference; lastKnownFileType = text.plist.xml; path = Info.plist; sourceTree = "<group>"; };
		499B4C811A35547B008682DB /* MythTV_Space_CommandTests.m */ = {isa = PBXFileReference; lastKnownFileType = sourcecode.c.objc; path = MythTV_Space_CommandTests.m; sourceTree = "<group>"; };
		49D763BC1A369AB4002976FC /* SocketConnection.h */ = {isa = PBXFileReference; fileEncoding = 4; lastKnownFileType = sourcecode.c.h; path = SocketConnection.h; sourceTree = "<group>"; };
		49D763BD1A369AB4002976FC /* SocketConnection.m */ = {isa = PBXFileReference; fileEncoding = 4; lastKnownFileType = sourcecode.c.objc; path = SocketConnection.m; sourceTree = "<group>"; };
/* End PBXFileReference section */

/* Begin PBXFrameworksBuildPhase section */
		499B4C5F1A35547A008682DB /* Frameworks */ = {
			isa = PBXFrameworksBuildPhase;
			buildActionMask = 2147483647;
			files = (
				4942A3751A3EB34C00AAFF72 /* MediaPlayer.framework in Frameworks */,
				4942A3731A3EB24300AAFF72 /* AudioToolbox.framework in Frameworks */,
			);
			runOnlyForDeploymentPostprocessing = 0;
		};
		499B4C781A35547B008682DB /* Frameworks */ = {
			isa = PBXFrameworksBuildPhase;
			buildActionMask = 2147483647;
			files = (
			);
			runOnlyForDeploymentPostprocessing = 0;
		};
/* End PBXFrameworksBuildPhase section */

/* Begin PBXGroup section */
		499B4C591A35547A008682DB = {
			isa = PBXGroup;
			children = (
				49614FE11A47B58300AF33D4 /* Settings.bundle */,
				4942A3741A3EB34C00AAFF72 /* MediaPlayer.framework */,
				4942A3721A3EB24300AAFF72 /* AudioToolbox.framework */,
				499B4C641A35547A008682DB /* MythTV Space Command */,
				499B4C7E1A35547B008682DB /* MythTV Space CommandTests */,
				499B4C631A35547A008682DB /* Products */,
			);
			sourceTree = "<group>";
			usesTabs = 1;
		};
		499B4C631A35547A008682DB /* Products */ = {
			isa = PBXGroup;
			children = (
				499B4C621A35547A008682DB /* MythTV Space Command.app */,
				499B4C7B1A35547B008682DB /* MythTV Space CommandTests.xctest */,
			);
			name = Products;
			sourceTree = "<group>";
		};
		499B4C641A35547A008682DB /* MythTV Space Command */ = {
			isa = PBXGroup;
			children = (
				4942A3771A3EB4C000AAFF72 /* RBVolumeButtons.h */,
				4942A3781A3EB4C000AAFF72 /* RBVolumeButtons.m */,
				4942A3691A3E65C600AAFF72 /* NSString+ComponentsLimit.h */,
				4942A36A1A3E65C600AAFF72 /* NSString+ComponentsLimit.m */,
				499B4C691A35547A008682DB /* AppDelegate.h */,
				499B4C6A1A35547A008682DB /* AppDelegate.m */,
				499B4C6F1A35547A008682DB /* Main.storyboard */,
				499B4C721A35547A008682DB /* Images.xcassets */,
				499B4C741A35547A008682DB /* LaunchScreen.xib */,
				499B4C651A35547A008682DB /* Supporting Files */,
				49D763BC1A369AB4002976FC /* SocketConnection.h */,
				49D763BD1A369AB4002976FC /* SocketConnection.m */,
				4924DC561A3905E700F26C07 /* ToDoListTableViewController.h */,
				4924DC571A3905E700F26C07 /* ToDoListTableViewController.m */,
				4924DC591A3945A000F26C07 /* ToDoItem.h */,
				4924DC5A1A3945A000F26C07 /* ToDoItem.m */,
				4924DC5C1A396D8400F26C07 /* RemoteControlViewController.h */,
				4924DC5D1A396D8500F26C07 /* RemoteControlViewController.m */,
				4942A3661A3E0F9700AAFF72 /* Channel.h */,
				4942A3671A3E0F9700AAFF72 /* Channel.m */,
				49614FE31A47D3B900AF33D4 /* ChannelsList.h */,
				49614FE41A47D3B900AF33D4 /* ChannelsList.m */,
			);
			path = "MythTV Space Command";
			sourceTree = "<group>";
		};
		499B4C651A35547A008682DB /* Supporting Files */ = {
			isa = PBXGroup;
			children = (
				499B4C661A35547A008682DB /* Info.plist */,
				499B4C671A35547A008682DB /* main.m */,
			);
			name = "Supporting Files";
			sourceTree = "<group>";
		};
		499B4C7E1A35547B008682DB /* MythTV Space CommandTests */ = {
			isa = PBXGroup;
			children = (
				499B4C811A35547B008682DB /* MythTV_Space_CommandTests.m */,
				499B4C7F1A35547B008682DB /* Supporting Files */,
			);
			path = "MythTV Space CommandTests";
			sourceTree = "<group>";
		};
		499B4C7F1A35547B008682DB /* Supporting Files */ = {
			isa = PBXGroup;
			children = (
				499B4C801A35547B008682DB /* Info.plist */,
			);
			name = "Supporting Files";
			sourceTree = "<group>";
		};
/* End PBXGroup section */

/* Begin PBXNativeTarget section */
		499B4C611A35547A008682DB /* MythTV Space Command */ = {
			isa = PBXNativeTarget;
			buildConfigurationList = 499B4C851A35547B008682DB /* Build configuration list for PBXNativeTarget "MythTV Space Command" */;
			buildPhases = (
				499B4C5E1A35547A008682DB /* Sources */,
				499B4C5F1A35547A008682DB /* Frameworks */,
				499B4C601A35547A008682DB /* Resources */,
			);
			buildRules = (
			);
			dependencies = (
			);
			name = "MythTV Space Command";
			productName = "MythTV Space Command";
			productReference = 499B4C621A35547A008682DB /* MythTV Space Command.app */;
			productType = "com.apple.product-type.application";
		};
		499B4C7A1A35547B008682DB /* MythTV Space CommandTests */ = {
			isa = PBXNativeTarget;
			buildConfigurationList = 499B4C881A35547B008682DB /* Build configuration list for PBXNativeTarget "MythTV Space CommandTests" */;
			buildPhases = (
				499B4C771A35547B008682DB /* Sources */,
				499B4C781A35547B008682DB /* Frameworks */,
				499B4C791A35547B008682DB /* Resources */,
			);
			buildRules = (
			);
			dependencies = (
				499B4C7D1A35547B008682DB /* PBXTargetDependency */,
			);
			name = "MythTV Space CommandTests";
			productName = "MythTV Space CommandTests";
			productReference = 499B4C7B1A35547B008682DB /* MythTV Space CommandTests.xctest */;
			productType = "com.apple.product-type.bundle.unit-test";
		};
/* End PBXNativeTarget section */

/* Begin PBXProject section */
		499B4C5A1A35547A008682DB /* Project object */ = {
			isa = PBXProject;
			attributes = {
				LastUpgradeCheck = 0610;
				ORGANIZATIONNAME = "Andrew Oikle";
				TargetAttributes = {
					499B4C611A35547A008682DB = {
						CreatedOnToolsVersion = 6.1;
						DevelopmentTeam = YQME8MMYLN;
					};
					499B4C7A1A35547B008682DB = {
						CreatedOnToolsVersion = 6.1;
						TestTargetID = 499B4C611A35547A008682DB;
					};
				};
			};
			buildConfigurationList = 499B4C5D1A35547A008682DB /* Build configuration list for PBXProject "MythTV Space Command" */;
			compatibilityVersion = "Xcode 3.2";
			developmentRegion = English;
			hasScannedForEncodings = 0;
			knownRegions = (
				en,
				Base,
			);
			mainGroup = 499B4C591A35547A008682DB;
			productRefGroup = 499B4C631A35547A008682DB /* Products */;
			projectDirPath = "";
			projectRoot = "";
			targets = (
				499B4C611A35547A008682DB /* MythTV Space Command */,
				499B4C7A1A35547B008682DB /* MythTV Space CommandTests */,
			);
		};
/* End PBXProject section */

/* Begin PBXResourcesBuildPhase section */
		499B4C601A35547A008682DB /* Resources */ = {
			isa = PBXResourcesBuildPhase;
			buildActionMask = 2147483647;
			files = (
				49614FE21A47B58300AF33D4 /* Settings.bundle in Resources */,
				499B4C711A35547A008682DB /* Main.storyboard in Resources */,
				499B4C761A35547A008682DB /* LaunchScreen.xib in Resources */,
				499B4C731A35547A008682DB /* Images.xcassets in Resources */,
			);
			runOnlyForDeploymentPostprocessing = 0;
		};
		499B4C791A35547B008682DB /* Resources */ = {
			isa = PBXResourcesBuildPhase;
			buildActionMask = 2147483647;
			files = (
			);
			runOnlyForDeploymentPostprocessing = 0;
		};
/* End PBXResourcesBuildPhase section */

/* Begin PBXSourcesBuildPhase section */
		499B4C5E1A35547A008682DB /* Sources */ = {
			isa = PBXSourcesBuildPhase;
			buildActionMask = 2147483647;
			files = (
				4924DC5B1A3945A000F26C07 /* ToDoItem.m in Sources */,
				4942A3681A3E0F9700AAFF72 /* Channel.m in Sources */,
				499B4C6B1A35547A008682DB /* AppDelegate.m in Sources */,
				49614FE51A47D3B900AF33D4 /* ChannelsList.m in Sources */,
				4942A3791A3EB4C000AAFF72 /* RBVolumeButtons.m in Sources */,
				4924DC581A3905E700F26C07 /* ToDoListTableViewController.m in Sources */,
				49D763BE1A369AB4002976FC /* SocketConnection.m in Sources */,
				4942A36B1A3E65C600AAFF72 /* NSString+ComponentsLimit.m in Sources */,
				499B4C681A35547A008682DB /* main.m in Sources */,
				4924DC5E1A396D8500F26C07 /* RemoteControlViewController.m in Sources */,
			);
			runOnlyForDeploymentPostprocessing = 0;
		};
		499B4C771A35547B008682DB /* Sources */ = {
			isa = PBXSourcesBuildPhase;
			buildActionMask = 2147483647;
			files = (
				499B4C821A35547B008682DB /* MythTV_Space_CommandTests.m in Sources */,
			);
			runOnlyForDeploymentPostprocessing = 0;
		};
/* End PBXSourcesBuildPhase section */

/* Begin PBXTargetDependency section */
		499B4C7D1A35547B008682DB /* PBXTargetDependency */ = {
			isa = PBXTargetDependency;
			target = 499B4C611A35547A008682DB /* MythTV Space Command */;
			targetProxy = 499B4C7C1A35547B008682DB /* PBXContainerItemProxy */;
		};
/* End PBXTargetDependency section */

/* Begin PBXVariantGroup section */
		499B4C6F1A35547A008682DB /* Main.storyboard */ = {
			isa = PBXVariantGroup;
			children = (
				499B4C701A35547A008682DB /* Base */,
			);
			name = Main.storyboard;
			sourceTree = "<group>";
		};
		499B4C741A35547A008682DB /* LaunchScreen.xib */ = {
			isa = PBXVariantGroup;
			children = (
				499B4C751A35547A008682DB /* Base */,
			);
			name = LaunchScreen.xib;
			sourceTree = "<group>";
		};
/* End PBXVariantGroup section */

/* Begin XCBuildConfiguration section */
		499B4C831A35547B008682DB /* Debug */ = {
			isa = XCBuildConfiguration;
			buildSettings = {
				ALWAYS_SEARCH_USER_PATHS = NO;
				CLANG_CXX_LANGUAGE_STANDARD = "gnu++0x";
				CLANG_CXX_LIBRARY = "libc++";
				CLANG_ENABLE_MODULES = YES;
				CLANG_ENABLE_OBJC_ARC = YES;
				CLANG_WARN_BOOL_CONVERSION = YES;
				CLANG_WARN_CONSTANT_CONVERSION = YES;
				CLANG_WARN_DIRECT_OBJC_ISA_USAGE = YES_ERROR;
				CLANG_WARN_EMPTY_BODY = YES;
				CLANG_WARN_ENUM_CONVERSION = YES;
				CLANG_WARN_INT_CONVERSION = YES;
				CLANG_WARN_OBJC_ROOT_CLASS = YES_ERROR;
				CLANG_WARN_UNREACHABLE_CODE = YES;
				CLANG_WARN__DUPLICATE_METHOD_MATCH = YES;
				"CODE_SIGN_IDENTITY[sdk=iphoneos*]" = "iPhone Developer";
				COPY_PHASE_STRIP = NO;
				ENABLE_STRICT_OBJC_MSGSEND = YES;
				GCC_C_LANGUAGE_STANDARD = gnu99;
				GCC_DYNAMIC_NO_PIC = NO;
				GCC_OPTIMIZATION_LEVEL = 0;
				GCC_PREPROCESSOR_DEFINITIONS = (
					"DEBUG=1",
					"$(inherited)",
				);
				GCC_SYMBOLS_PRIVATE_EXTERN = NO;
				GCC_WARN_64_TO_32_BIT_CONVERSION = YES;
				GCC_WARN_ABOUT_RETURN_TYPE = YES_ERROR;
				GCC_WARN_UNDECLARED_SELECTOR = YES;
				GCC_WARN_UNINITIALIZED_AUTOS = YES_AGGRESSIVE;
				GCC_WARN_UNUSED_FUNCTION = YES;
				GCC_WARN_UNUSED_VARIABLE = YES;
				IPHONEOS_DEPLOYMENT_TARGET = 8.1;
				MTL_ENABLE_DEBUG_INFO = YES;
				ONLY_ACTIVE_ARCH = YES;
				SDKROOT = iphoneos;
			};
			name = Debug;
		};
		499B4C841A35547B008682DB /* Release */ = {
			isa = XCBuildConfiguration;
			buildSettings = {
				ALWAYS_SEARCH_USER_PATHS = NO;
				CLANG_CXX_LANGUAGE_STANDARD = "gnu++0x";
				CLANG_CXX_LIBRARY = "libc++";
				CLANG_ENABLE_MODULES = YES;
				CLANG_ENABLE_OBJC_ARC = YES;
				CLANG_WARN_BOOL_CONVERSION = YES;
				CLANG_WARN_CONSTANT_CONVERSION = YES;
				CLANG_WARN_DIRECT_OBJC_ISA_USAGE = YES_ERROR;
				CLANG_WARN_EMPTY_BODY = YES;
				CLANG_WARN_ENUM_CONVERSION = YES;
				CLANG_WARN_INT_CONVERSION = YES;
				CLANG_WARN_OBJC_ROOT_CLASS = YES_ERROR;
				CLANG_WARN_UNREACHABLE_CODE = YES;
				CLANG_WARN__DUPLICATE_METHOD_MATCH = YES;
				"CODE_SIGN_IDENTITY[sdk=iphoneos*]" = "iPhone Developer";
				COPY_PHASE_STRIP = YES;
				ENABLE_NS_ASSERTIONS = NO;
				ENABLE_STRICT_OBJC_MSGSEND = YES;
				GCC_C_LANGUAGE_STANDARD = gnu99;
				GCC_WARN_64_TO_32_BIT_CONVERSION = YES;
				GCC_WARN_ABOUT_RETURN_TYPE = YES_ERROR;
				GCC_WARN_UNDECLARED_SELECTOR = YES;
				GCC_WARN_UNINITIALIZED_AUTOS = YES_AGGRESSIVE;
				GCC_WARN_UNUSED_FUNCTION = YES;
				GCC_WARN_UNUSED_VARIABLE = YES;
				IPHONEOS_DEPLOYMENT_TARGET = 8.1;
				MTL_ENABLE_DEBUG_INFO = NO;
				SDKROOT = iphoneos;
				VALIDATE_PRODUCT = YES;
			};
			name = Release;
		};
		499B4C861A35547B008682DB /* Debug */ = {
			isa = XCBuildConfiguration;
			buildSettings = {
				ASSETCATALOG_COMPILER_APPICON_NAME = AppIcon;
				CODE_SIGN_IDENTITY = "iPhone Developer";
				"CODE_SIGN_IDENTITY[sdk=iphoneos*]" = "iPhone Developer";
				INFOPLIST_FILE = "MythTV Space Command/Info.plist";
				IPHONEOS_DEPLOYMENT_TARGET = 6.0;
				LD_RUNPATH_SEARCH_PATHS = "$(inherited) @executable_path/Frameworks";
				PRODUCT_NAME = "$(TARGET_NAME)";
				PROVISIONING_PROFILE = "";
				TARGETED_DEVICE_FAMILY = "1,2";
			};
			name = Debug;
		};
		499B4C871A35547B008682DB /* Release */ = {
			isa = XCBuildConfiguration;
			buildSettings = {
				ASSETCATALOG_COMPILER_APPICON_NAME = AppIcon;
				CODE_SIGN_IDENTITY = "iPhone Developer";
				"CODE_SIGN_IDENTITY[sdk=iphoneos*]" = "iPhone Developer";
				INFOPLIST_FILE = "MythTV Space Command/Info.plist";
				IPHONEOS_DEPLOYMENT_TARGET = 6.0;
				LD_RUNPATH_SEARCH_PATHS = "$(inherited) @executable_path/Frameworks";
				PRODUCT_NAME = "$(TARGET_NAME)";
				PROVISIONING_PROFILE = "";
				TARGETED_DEVICE_FAMILY = "1,2";
			};
			name = Release;
		};
		499B4C891A35547B008682DB /* Debug */ = {
			isa = XCBuildConfiguration;
			buildSettings = {
				BUNDLE_LOADER = "$(TEST_HOST)";
				FRAMEWORK_SEARCH_PATHS = (
					"$(SDKROOT)/Developer/Library/Frameworks",
					"$(inherited)",
				);
				GCC_PREPROCESSOR_DEFINITIONS = (
					"DEBUG=1",
					"$(inherited)",
				);
				INFOPLIST_FILE = "MythTV Space CommandTests/Info.plist";
				LD_RUNPATH_SEARCH_PATHS = "$(inherited) @executable_path/Frameworks @loader_path/Frameworks";
				PRODUCT_NAME = "$(TARGET_NAME)";
				TEST_HOST = "$(BUILT_PRODUCTS_DIR)/MythTV Space Command.app/MythTV Space Command";
			};
			name = Debug;
		};
		499B4C8A1A35547B008682DB /* Release */ = {
			isa = XCBuildConfiguration;
			buildSettings = {
				BUNDLE_LOADER = "$(TEST_HOST)";
				FRAMEWORK_SEARCH_PATHS = (
					"$(SDKROOT)/Developer/Library/Frameworks",
					"$(inherited)",
				);
				INFOPLIST_FILE = "MythTV Space CommandTests/Info.plist";
				LD_RUNPATH_SEARCH_PATHS = "$(inherited) @executable_path/Frameworks @loader_path/Frameworks";
				PRODUCT_NAME = "$(TARGET_NAME)";
				TEST_HOST = "$(BUILT_PRODUCTS_DIR)/MythTV Space Command.app/MythTV Space Command";
			};
			name = Release;
		};
/* End XCBuildConfiguration section */

/* Begin XCConfigurationList section */
		499B4C5D1A35547A008682DB /* Build configuration list for PBXProject "MythTV Space Command" */ = {
			isa = XCConfigurationList;
			buildConfigurations = (
				499B4C831A35547B008682DB /* Debug */,
				499B4C841A35547B008682DB /* Release */,
			);
			defaultConfigurationIsVisible = 0;
			defaultConfigurationName = Release;
		};
		499B4C851A35547B008682DB /* Build configuration list for PBXNativeTarget "MythTV Space Command" */ = {
			isa = XCConfigurationList;
			buildConfigurations = (
				499B4C861A35547B008682DB /* Debug */,
				499B4C871A35547B008682DB /* Release */,
			);
			defaultConfigurationIsVisible = 0;
			defaultConfigurationName = Release;
		};
		499B4C881A35547B008682DB /* Build configuration list for PBXNativeTarget "MythTV Space CommandTests" */ = {
			isa = XCConfigurationList;
			buildConfigurations = (
				499B4C891A35547B008682DB /* Debug */,
				499B4C8A1A35547B008682DB /* Release */,
			);
			defaultConfigurationIsVisible = 0;
			defaultConfigurationName = Release;
		};
/* End XCConfigurationList section */
	};
	rootObject = 499B4C5A1A35547A008682DB /* Project object */;
}
